
Microsoft Visual Studio Solution File, Format Version 12.00
# Visual Studio Version 16
VisualStudioVersion = 16.0.31410.357
MinimumVisualStudioVersion = 10.0.40219.1
Project("{FAE04EC0-301F-11D3-BF4B-00C04F79EFBC}") = "Interface", "Interface\Interface.csproj", "{BBF600FD-3A2B-4D92-8435-FB927DC8BEE4}"
EndProject
Global
	GlobalSection(SolutionConfigurationPlatforms) = preSolution
		Debug|Any CPU = Debug|Any CPU
		Release|Any CPU = Release|Any CPU
	EndGlobalSection
	GlobalSection(ProjectConfigurationPlatforms) = postSolution
		{BBF600FD-3A2B-4D92-8435-FB927DC8BEE4}.Debug|Any CPU.ActiveCfg = Debug|Any CPU
		{BBF600FD-3A2B-4D92-8435-FB927DC8BEE4}.Debug|Any CPU.Build.0 = Debug|Any CPU
		{BBF600FD-3A2B-4D92-8435-FB927DC8BEE4}.Release|Any CPU.ActiveCfg = Release|Any CPU
		{BBF600FD-3A2B-4D92-8435-FB927DC8BEE4}.Release|Any CPU.Build.0 = Release|Any CPU
	EndGlobalSection
	GlobalSection(SolutionProperties) = preSolution
		HideSolutionNode = FALSE
	EndGlobalSection
	GlobalSection(ExtensibilityGlobals) = postSolution
		SolutionGuid = {B596027E-43C4-419E-9AC8-E775633B6EF4}
	EndGlobalSection
EndGlobal
