
Microsoft Visual Studio Solution File, Format Version 12.00
# Visual Studio Version 16
VisualStudioVersion = 16.0.31410.357
MinimumVisualStudioVersion = 10.0.40219.1
Project("{FAE04EC0-301F-11D3-BF4B-00C04F79EFBC}") = "WinFormsApp2", "WinFormsApp2\WinFormsApp2.csproj", "{A8EA3EAD-1E84-4072-ACBA-64D125D7655A}"
EndProject
Global
	GlobalSection(SolutionConfigurationPlatforms) = preSolution
		Debug|Any CPU = Debug|Any CPU
		Release|Any CPU = Release|Any CPU
	EndGlobalSection
	GlobalSection(ProjectConfigurationPlatforms) = postSolution
		{A8EA3EAD-1E84-4072-ACBA-64D125D7655A}.Debug|Any CPU.ActiveCfg = Debug|Any CPU
		{A8EA3EAD-1E84-4072-ACBA-64D125D7655A}.Debug|Any CPU.Build.0 = Debug|Any CPU
		{A8EA3EAD-1E84-4072-ACBA-64D125D7655A}.Release|Any CPU.ActiveCfg = Release|Any CPU
		{A8EA3EAD-1E84-4072-ACBA-64D125D7655A}.Release|Any CPU.Build.0 = Release|Any CPU
	EndGlobalSection
	GlobalSection(SolutionProperties) = preSolution
		HideSolutionNode = FALSE
	EndGlobalSection
	GlobalSection(ExtensibilityGlobals) = postSolution
		SolutionGuid = {73603CFE-74CC-4F12-8259-FF7B14AA06FC}
	EndGlobalSection
EndGlobal
